
Microsoft Visual Studio Solution File, Format Version 12.00
# Visual Studio Version 17
VisualStudioVersion = 17.3.32922.545
MinimumVisualStudioVersion = 10.0.40219.1
Project("{9A19103F-16F7-4668-BE54-9A1E7A4F7556}") = "API", "API.csproj", "{2F0B3395-894A-4E7A-84F8-1ED6945E41BC}"
EndProject
Project("{FAE04EC0-301F-11D3-BF4B-00C04F79EFBC}") = "ServiceMongo", "..\ServiceMongo\ServiceMongo.csproj", "{FC196373-A089-4D18-BE39-CBE6E97E4EB6}"
EndProject
Global
	GlobalSection(SolutionConfigurationPlatforms) = preSolution
		Debug|Any CPU = Debug|Any CPU
		Release|Any CPU = Release|Any CPU
	EndGlobalSection
	GlobalSection(ProjectConfigurationPlatforms) = postSolution
		{2F0B3395-894A-4E7A-84F8-1ED6945E41BC}.Debug|Any CPU.ActiveCfg = Debug|Any CPU
		{2F0B3395-894A-4E7A-84F8-1ED6945E41BC}.Debug|Any CPU.Build.0 = Debug|Any CPU
		{2F0B3395-894A-4E7A-84F8-1ED6945E41BC}.Release|Any CPU.ActiveCfg = Release|Any CPU
		{2F0B3395-894A-4E7A-84F8-1ED6945E41BC}.Release|Any CPU.Build.0 = Release|Any CPU
		{FC196373-A089-4D18-BE39-CBE6E97E4EB6}.Debug|Any CPU.ActiveCfg = Debug|Any CPU
		{FC196373-A089-4D18-BE39-CBE6E97E4EB6}.Debug|Any CPU.Build.0 = Debug|Any CPU
		{FC196373-A089-4D18-BE39-CBE6E97E4EB6}.Release|Any CPU.ActiveCfg = Release|Any CPU
		{FC196373-A089-4D18-BE39-CBE6E97E4EB6}.Release|Any CPU.Build.0 = Release|Any CPU
	EndGlobalSection
	GlobalSection(SolutionProperties) = preSolution
		HideSolutionNode = FALSE
	EndGlobalSection
	GlobalSection(ExtensibilityGlobals) = postSolution
		SolutionGuid = {F18DB4BB-CF73-43F3-B492-C09B30733F4A}
	EndGlobalSection
EndGlobal
